
Microsoft Visual Studio Solution File, Format Version 12.00
# Visual Studio Version 17
VisualStudioVersion = 17.0.31903.59
MinimumVisualStudioVersion = 10.0.40219.1
Project("{FAE04EC0-301F-11D3-BF4B-00C04F79EFBC}") = "NCoreUtils.Queue.Abstractions", "NCoreUtils.Queue.Abstractions\NCoreUtils.Queue.Abstractions.csproj", "{133F6271-B086-46D9-BFA1-584C7C5F3BC1}"
EndProject
Project("{FAE04EC0-301F-11D3-BF4B-00C04F79EFBC}") = "NCoreUtils.Queue.Shared", "NCoreUtils.Queue.Shared\NCoreUtils.Queue.Shared.csproj", "{F9278390-3FBF-421C-BAD8-4A71A3DFFB4E}"
EndProject
Project("{FAE04EC0-301F-11D3-BF4B-00C04F79EFBC}") = "NCoreUtils.Queue", "NCoreUtils.Queue\NCoreUtils.Queue.csproj", "{AD22CC34-958A-4C2C-B3B4-1F106C210E9A}"
EndProject
Project("{FAE04EC0-301F-11D3-BF4B-00C04F79EFBC}") = "NCoreUtils.Queue.Client", "NCoreUtils.Queue.Client\NCoreUtils.Queue.Client.csproj", "{48A4A133-6731-499E-8ED6-640113489E8B}"
EndProject
Project("{FAE04EC0-301F-11D3-BF4B-00C04F79EFBC}") = "NCoreUtils.Queue.Client.TrimCheck", "NCoreUtils.Queue.Client.TrimCheck\NCoreUtils.Queue.Client.TrimCheck.csproj", "{73EFC991-3B63-4FE2-975C-4768E082F160}"
EndProject
Project("{FAE04EC0-301F-11D3-BF4B-00C04F79EFBC}") = "NCoreUtils.Queue.Processor.Common", "NCoreUtils.Queue.Processor.Common\NCoreUtils.Queue.Processor.Common.csproj", "{E77F6DD0-92C0-4D78-9AC4-5B21519E23CA}"
EndProject
Project("{FAE04EC0-301F-11D3-BF4B-00C04F79EFBC}") = "NCoreUtils.Queue.Processor.PubSubPull", "NCoreUtils.Queue.Processor.PubSubPull\NCoreUtils.Queue.Processor.PubSubPull.csproj", "{5EA43224-AFD4-4AA5-8E30-9C24AEDA154A}"
EndProject
Project("{FAE04EC0-301F-11D3-BF4B-00C04F79EFBC}") = "NCoreUtils.Queue.Processor.Mqtt", "NCoreUtils.Queue.Processor.Mqtt\NCoreUtils.Queue.Processor.Mqtt.csproj", "{6943E10E-0BA4-4956-87CA-1AE9FAE004D9}"
EndProject
Project("{FAE04EC0-301F-11D3-BF4B-00C04F79EFBC}") = "NCoreUtils.Queue.Processor", "NCoreUtils.Queue.Processor\NCoreUtils.Queue.Processor.csproj", "{17353F4E-89A7-4DAB-94A1-79A9845C6E15}"
EndProject
Project("{FAE04EC0-301F-11D3-BF4B-00C04F79EFBC}") = "NCoreUtils.Queue.Mqtt", "NCoreUtils.Queue.Mqtt\NCoreUtils.Queue.Mqtt.csproj", "{3232D021-F22E-41B9-A19B-166A5E3E32A2}"
EndProject
Global
	GlobalSection(SolutionConfigurationPlatforms) = preSolution
		Debug|Any CPU = Debug|Any CPU
		Release|Any CPU = Release|Any CPU
	EndGlobalSection
	GlobalSection(SolutionProperties) = preSolution
		HideSolutionNode = FALSE
	EndGlobalSection
	GlobalSection(ProjectConfigurationPlatforms) = postSolution
		{133F6271-B086-46D9-BFA1-584C7C5F3BC1}.Debug|Any CPU.ActiveCfg = Debug|Any CPU
		{133F6271-B086-46D9-BFA1-584C7C5F3BC1}.Debug|Any CPU.Build.0 = Debug|Any CPU
		{133F6271-B086-46D9-BFA1-584C7C5F3BC1}.Release|Any CPU.ActiveCfg = Release|Any CPU
		{133F6271-B086-46D9-BFA1-584C7C5F3BC1}.Release|Any CPU.Build.0 = Release|Any CPU
		{F9278390-3FBF-421C-BAD8-4A71A3DFFB4E}.Debug|Any CPU.ActiveCfg = Debug|Any CPU
		{F9278390-3FBF-421C-BAD8-4A71A3DFFB4E}.Debug|Any CPU.Build.0 = Debug|Any CPU
		{F9278390-3FBF-421C-BAD8-4A71A3DFFB4E}.Release|Any CPU.ActiveCfg = Release|Any CPU
		{F9278390-3FBF-421C-BAD8-4A71A3DFFB4E}.Release|Any CPU.Build.0 = Release|Any CPU
		{AD22CC34-958A-4C2C-B3B4-1F106C210E9A}.Debug|Any CPU.ActiveCfg = Debug|Any CPU
		{AD22CC34-958A-4C2C-B3B4-1F106C210E9A}.Debug|Any CPU.Build.0 = Debug|Any CPU
		{AD22CC34-958A-4C2C-B3B4-1F106C210E9A}.Release|Any CPU.ActiveCfg = Release|Any CPU
		{AD22CC34-958A-4C2C-B3B4-1F106C210E9A}.Release|Any CPU.Build.0 = Release|Any CPU
		{48A4A133-6731-499E-8ED6-640113489E8B}.Debug|Any CPU.ActiveCfg = Debug|Any CPU
		{48A4A133-6731-499E-8ED6-640113489E8B}.Debug|Any CPU.Build.0 = Debug|Any CPU
		{48A4A133-6731-499E-8ED6-640113489E8B}.Release|Any CPU.ActiveCfg = Release|Any CPU
		{48A4A133-6731-499E-8ED6-640113489E8B}.Release|Any CPU.Build.0 = Release|Any CPU
		{73EFC991-3B63-4FE2-975C-4768E082F160}.Debug|Any CPU.ActiveCfg = Debug|Any CPU
		{73EFC991-3B63-4FE2-975C-4768E082F160}.Debug|Any CPU.Build.0 = Debug|Any CPU
		{73EFC991-3B63-4FE2-975C-4768E082F160}.Release|Any CPU.ActiveCfg = Release|Any CPU
		{73EFC991-3B63-4FE2-975C-4768E082F160}.Release|Any CPU.Build.0 = Release|Any CPU
		{E77F6DD0-92C0-4D78-9AC4-5B21519E23CA}.Debug|Any CPU.ActiveCfg = Debug|Any CPU
		{E77F6DD0-92C0-4D78-9AC4-5B21519E23CA}.Debug|Any CPU.Build.0 = Debug|Any CPU
		{E77F6DD0-92C0-4D78-9AC4-5B21519E23CA}.Release|Any CPU.ActiveCfg = Release|Any CPU
		{E77F6DD0-92C0-4D78-9AC4-5B21519E23CA}.Release|Any CPU.Build.0 = Release|Any CPU
		{5EA43224-AFD4-4AA5-8E30-9C24AEDA154A}.Debug|Any CPU.ActiveCfg = Debug|Any CPU
		{5EA43224-AFD4-4AA5-8E30-9C24AEDA154A}.Debug|Any CPU.Build.0 = Debug|Any CPU
		{5EA43224-AFD4-4AA5-8E30-9C24AEDA154A}.Release|Any CPU.ActiveCfg = Release|Any CPU
		{5EA43224-AFD4-4AA5-8E30-9C24AEDA154A}.Release|Any CPU.Build.0 = Release|Any CPU
		{6943E10E-0BA4-4956-87CA-1AE9FAE004D9}.Debug|Any CPU.ActiveCfg = Debug|Any CPU
		{6943E10E-0BA4-4956-87CA-1AE9FAE004D9}.Debug|Any CPU.Build.0 = Debug|Any CPU
		{6943E10E-0BA4-4956-87CA-1AE9FAE004D9}.Release|Any CPU.ActiveCfg = Release|Any CPU
		{6943E10E-0BA4-4956-87CA-1AE9FAE004D9}.Release|Any CPU.Build.0 = Release|Any CPU
		{17353F4E-89A7-4DAB-94A1-79A9845C6E15}.Debug|Any CPU.ActiveCfg = Debug|Any CPU
		{17353F4E-89A7-4DAB-94A1-79A9845C6E15}.Debug|Any CPU.Build.0 = Debug|Any CPU
		{17353F4E-89A7-4DAB-94A1-79A9845C6E15}.Release|Any CPU.ActiveCfg = Release|Any CPU
		{17353F4E-89A7-4DAB-94A1-79A9845C6E15}.Release|Any CPU.Build.0 = Release|Any CPU
		{3232D021-F22E-41B9-A19B-166A5E3E32A2}.Debug|Any CPU.ActiveCfg = Debug|Any CPU
		{3232D021-F22E-41B9-A19B-166A5E3E32A2}.Debug|Any CPU.Build.0 = Debug|Any CPU
		{3232D021-F22E-41B9-A19B-166A5E3E32A2}.Release|Any CPU.ActiveCfg = Release|Any CPU
		{3232D021-F22E-41B9-A19B-166A5E3E32A2}.Release|Any CPU.Build.0 = Release|Any CPU
	EndGlobalSection
EndGlobal
